
Microsoft Visual Studio Solution File, Format Version 12.00
# Visual Studio Express 2013 for Windows Desktop
VisualStudioVersion = 12.0.40629.0
MinimumVisualStudioVersion = 10.0.40219.1
Project("{F184B08F-C81C-45F6-A57F-5ABD9991F28F}") = "bumble_Breaker", "bumble_Breaker\bumble_Breaker.vbproj", "{8C518373-7BE8-4C44-8BE4-4E5C2BB29337}"
EndProject
Global
	GlobalSection(SolutionConfigurationPlatforms) = preSolution
		Debug|Any CPU = Debug|Any CPU
		Debug|x64 = Debug|x64
		Release|Any CPU = Release|Any CPU
		Release|x64 = Release|x64
	EndGlobalSection
	GlobalSection(ProjectConfigurationPlatforms) = postSolution
		{8C518373-7BE8-4C44-8BE4-4E5C2BB29337}.Debug|Any CPU.ActiveCfg = Debug|Any CPU
		{8C518373-7BE8-4C44-8BE4-4E5C2BB29337}.Debug|Any CPU.Build.0 = Debug|Any CPU
		{8C518373-7BE8-4C44-8BE4-4E5C2BB29337}.Debug|x64.ActiveCfg = Debug|x64
		{8C518373-7BE8-4C44-8BE4-4E5C2BB29337}.Debug|x64.Build.0 = Debug|x64
		{8C518373-7BE8-4C44-8BE4-4E5C2BB29337}.Release|Any CPU.ActiveCfg = Release|Any CPU
		{8C518373-7BE8-4C44-8BE4-4E5C2BB29337}.Release|Any CPU.Build.0 = Release|Any CPU
		{8C518373-7BE8-4C44-8BE4-4E5C2BB29337}.Release|x64.ActiveCfg = Release|x64
		{8C518373-7BE8-4C44-8BE4-4E5C2BB29337}.Release|x64.Build.0 = Release|x64
	EndGlobalSection
	GlobalSection(SolutionProperties) = preSolution
		HideSolutionNode = FALSE
	EndGlobalSection
EndGlobal
